// !$*UTF8*$!
{
	archiveVersion = 1;
	classes = {
	};
	objectVersion = 51;
	objects = {

/* Begin PBXBuildFile section */
		7842102123FC698B00F75B63 /* FirebaseService.swift in Sources */ = {isa = PBXBuildFile; fileRef = 7842102023FC698B00F75B63 /* FirebaseService.swift */; };
		787F103123FC656D006F971C /* Trainer.swift in Sources */ = {isa = PBXBuildFile; fileRef = 787F103023FC656D006F971C /* Trainer.swift */; };
		787F103323FC65A0006F971C /* PokemonTypes.swift in Sources */ = {isa = PBXBuildFile; fileRef = 787F103223FC65A0006F971C /* PokemonTypes.swift */; };
		787F103523FC66B8006F971C /* ListViewModel.swift in Sources */ = {isa = PBXBuildFile; fileRef = 787F103423FC66B8006F971C /* ListViewModel.swift */; };
		78A4B1C623FC576100A45753 /* GoogleService-Info.plist in Resources */ = {isa = PBXBuildFile; fileRef = 78A4B1C523FC576100A45753 /* GoogleService-Info.plist */; };
		78C6084723FC454000969A1C /* AppDelegate.swift in Sources */ = {isa = PBXBuildFile; fileRef = 78C6084623FC454000969A1C /* AppDelegate.swift */; };
		78C6085023FC454200969A1C /* Assets.xcassets in Resources */ = {isa = PBXBuildFile; fileRef = 78C6084F23FC454200969A1C /* Assets.xcassets */; };
		78C6085B23FC456E00969A1C /* LaunchScreen.storyboard in Resources */ = {isa = PBXBuildFile; fileRef = 78C6085A23FC456E00969A1C /* LaunchScreen.storyboard */; };
		78C6086123FC479100969A1C /* ListViewController.swift in Sources */ = {isa = PBXBuildFile; fileRef = 78C6085F23FC479100969A1C /* ListViewController.swift */; };
		78C6086223FC479100969A1C /* ListViewController.xib in Resources */ = {isa = PBXBuildFile; fileRef = 78C6086023FC479100969A1C /* ListViewController.xib */; };
		78D72E6523FD6A29006ED5FC /* ObjectToDictionary.swift in Sources */ = {isa = PBXBuildFile; fileRef = 78D72E6423FD6A29006ED5FC /* ObjectToDictionary.swift */; };
		B043DB7005161CC3DA5B35C9 /* Pods_pokemon_trainers.framework in Frameworks */ = {isa = PBXBuildFile; fileRef = 256FA1757D4844A85D399296 /* Pods_pokemon_trainers.framework */; };
/* End PBXBuildFile section */

/* Begin PBXFileReference section */
		256FA1757D4844A85D399296 /* Pods_pokemon_trainers.framework */ = {isa = PBXFileReference; explicitFileType = wrapper.framework; includeInIndex = 0; path = Pods_pokemon_trainers.framework; sourceTree = BUILT_PRODUCTS_DIR; };
		7842102023FC698B00F75B63 /* FirebaseService.swift */ = {isa = PBXFileReference; lastKnownFileType = sourcecode.swift; path = FirebaseService.swift; sourceTree = "<group>"; };
		787F103023FC656D006F971C /* Trainer.swift */ = {isa = PBXFileReference; lastKnownFileType = sourcecode.swift; path = Trainer.swift; sourceTree = "<group>"; };
		787F103223FC65A0006F971C /* PokemonTypes.swift */ = {isa = PBXFileReference; lastKnownFileType = sourcecode.swift; path = PokemonTypes.swift; sourceTree = "<group>"; };
		787F103423FC66B8006F971C /* ListViewModel.swift */ = {isa = PBXFileReference; lastKnownFileType = sourcecode.swift; path = ListViewModel.swift; sourceTree = "<group>"; };
		78A4B1C523FC576100A45753 /* GoogleService-Info.plist */ = {isa = PBXFileReference; lastKnownFileType = text.plist; path = "GoogleService-Info.plist"; sourceTree = SOURCE_ROOT; };
		78C6084323FC454000969A1C /* pokemon-trainers.app */ = {isa = PBXFileReference; explicitFileType = wrapper.application; includeInIndex = 0; path = "pokemon-trainers.app"; sourceTree = BUILT_PRODUCTS_DIR; };
		78C6084623FC454000969A1C /* AppDelegate.swift */ = {isa = PBXFileReference; lastKnownFileType = sourcecode.swift; path = AppDelegate.swift; sourceTree = "<group>"; };
		78C6084F23FC454200969A1C /* Assets.xcassets */ = {isa = PBXFileReference; lastKnownFileType = folder.assetcatalog; path = Assets.xcassets; sourceTree = "<group>"; };
		78C6085423FC454200969A1C /* Info.plist */ = {isa = PBXFileReference; lastKnownFileType = text.plist.xml; path = Info.plist; sourceTree = "<group>"; };
		78C6085A23FC456E00969A1C /* LaunchScreen.storyboard */ = {isa = PBXFileReference; fileEncoding = 4; lastKnownFileType = file.storyboard; path = LaunchScreen.storyboard; sourceTree = "<group>"; };
		78C6085F23FC479100969A1C /* ListViewController.swift */ = {isa = PBXFileReference; lastKnownFileType = sourcecode.swift; path = ListViewController.swift; sourceTree = "<group>"; };
		78C6086023FC479100969A1C /* ListViewController.xib */ = {isa = PBXFileReference; lastKnownFileType = file.xib; path = ListViewController.xib; sourceTree = "<group>"; };
		78D72E6423FD6A29006ED5FC /* ObjectToDictionary.swift */ = {isa = PBXFileReference; lastKnownFileType = sourcecode.swift; path = ObjectToDictionary.swift; sourceTree = "<group>"; };
		928CFEA07ED22FEA11E09F85 /* Pods-pokemon-trainers.release.xcconfig */ = {isa = PBXFileReference; includeInIndex = 1; lastKnownFileType = text.xcconfig; name = "Pods-pokemon-trainers.release.xcconfig"; path = "Target Support Files/Pods-pokemon-trainers/Pods-pokemon-trainers.release.xcconfig"; sourceTree = "<group>"; };
		EAB27A7E27F12D4372FFFED3 /* Pods-pokemon-trainers.debug.xcconfig */ = {isa = PBXFileReference; includeInIndex = 1; lastKnownFileType = text.xcconfig; name = "Pods-pokemon-trainers.debug.xcconfig"; path = "Target Support Files/Pods-pokemon-trainers/Pods-pokemon-trainers.debug.xcconfig"; sourceTree = "<group>"; };
/* End PBXFileReference section */

/* Begin PBXFrameworksBuildPhase section */
		78C6084023FC454000969A1C /* Frameworks */ = {
			isa = PBXFrameworksBuildPhase;
			buildActionMask = 2147483647;
			files = (
				B043DB7005161CC3DA5B35C9 /* Pods_pokemon_trainers.framework in Frameworks */,
			);
			runOnlyForDeploymentPostprocessing = 0;
		};
/* End PBXFrameworksBuildPhase section */

/* Begin PBXGroup section */
		5E03A7F6454E94D67949AE1E /* Pods */ = {
			isa = PBXGroup;
			children = (
				EAB27A7E27F12D4372FFFED3 /* Pods-pokemon-trainers.debug.xcconfig */,
				928CFEA07ED22FEA11E09F85 /* Pods-pokemon-trainers.release.xcconfig */,
			);
			path = Pods;
			sourceTree = "<group>";
		};
		7842101F23FC696900F75B63 /* Services */ = {
			isa = PBXGroup;
			children = (
				7842102023FC698B00F75B63 /* FirebaseService.swift */,
			);
			path = Services;
			sourceTree = "<group>";
		};
		787F102E23FC64E5006F971C /* List */ = {
			isa = PBXGroup;
			children = (
				78C6086023FC479100969A1C /* ListViewController.xib */,
				78C6085F23FC479100969A1C /* ListViewController.swift */,
				787F103423FC66B8006F971C /* ListViewModel.swift */,
			);
			path = List;
			sourceTree = "<group>";
		};
		787F102F23FC654C006F971C /* Models */ = {
			isa = PBXGroup;
			children = (
				787F103023FC656D006F971C /* Trainer.swift */,
				787F103223FC65A0006F971C /* PokemonTypes.swift */,
			);
			path = Models;
			sourceTree = "<group>";
		};
		78C6083A23FC454000969A1C = {
			isa = PBXGroup;
			children = (
				78C6084523FC454000969A1C /* pokemon-trainers */,
				78C6084423FC454000969A1C /* Products */,
				5E03A7F6454E94D67949AE1E /* Pods */,
				84A9A51314C1523630E53D57 /* Frameworks */,
			);
			sourceTree = "<group>";
		};
		78C6084423FC454000969A1C /* Products */ = {
			isa = PBXGroup;
			children = (
				78C6084323FC454000969A1C /* pokemon-trainers.app */,
			);
			name = Products;
			sourceTree = "<group>";
		};
		78C6084523FC454000969A1C /* pokemon-trainers */ = {
			isa = PBXGroup;
			children = (
				78C6085E23FC46F400969A1C /* UI */,
				787F102F23FC654C006F971C /* Models */,
				7842101F23FC696900F75B63 /* Services */,
				78C93BAD23FD6974004ACA2C /* Utils */,
				78C6085C23FC46DD00969A1C /* Resources */,
			);
			path = "pokemon-trainers";
			sourceTree = "<group>";
		};
		78C6085C23FC46DD00969A1C /* Resources */ = {
			isa = PBXGroup;
			children = (
				78A4B1C523FC576100A45753 /* GoogleService-Info.plist */,
				78C6084623FC454000969A1C /* AppDelegate.swift */,
				78C6084F23FC454200969A1C /* Assets.xcassets */,
				78C6085A23FC456E00969A1C /* LaunchScreen.storyboard */,
				78C6085423FC454200969A1C /* Info.plist */,
			);
			name = Resources;
			sourceTree = "<group>";
		};
		78C6085E23FC46F400969A1C /* UI */ = {
			isa = PBXGroup;
			children = (
				787F102E23FC64E5006F971C /* List */,
			);
			path = UI;
			sourceTree = "<group>";
		};
		78C93BAD23FD6974004ACA2C /* Utils */ = {
			isa = PBXGroup;
			children = (
				78D72E6423FD6A29006ED5FC /* ObjectToDictionary.swift */,
			);
			path = Utils;
			sourceTree = "<group>";
		};
		84A9A51314C1523630E53D57 /* Frameworks */ = {
			isa = PBXGroup;
			children = (
				256FA1757D4844A85D399296 /* Pods_pokemon_trainers.framework */,
			);
			name = Frameworks;
			sourceTree = "<group>";
		};
/* End PBXGroup section */

/* Begin PBXNativeTarget section */
		78C6084223FC454000969A1C /* pokemon-trainers */ = {
			isa = PBXNativeTarget;
			buildConfigurationList = 78C6085723FC454200969A1C /* Build configuration list for PBXNativeTarget "pokemon-trainers" */;
			buildPhases = (
				E2B9274BF0F6D4167B1BEAE1 /* [CP] Check Pods Manifest.lock */,
				78C6083F23FC454000969A1C /* Sources */,
				78C6084023FC454000969A1C /* Frameworks */,
				78C6084123FC454000969A1C /* Resources */,
				6650A7D3990B4C487F287DCD /* [CP] Embed Pods Frameworks */,
			);
			buildRules = (
			);
			dependencies = (
			);
			name = "pokemon-trainers";
			productName = "pokemon-trainers";
			productReference = 78C6084323FC454000969A1C /* pokemon-trainers.app */;
			productType = "com.apple.product-type.application";
		};
/* End PBXNativeTarget section */

/* Begin PBXProject section */
		78C6083B23FC454000969A1C /* Project object */ = {
			isa = PBXProject;
			attributes = {
				LastSwiftUpdateCheck = 1120;
				LastUpgradeCheck = 1120;
				ORGANIZATIONNAME = tinoco;
				TargetAttributes = {
					78C6084223FC454000969A1C = {
						CreatedOnToolsVersion = 11.2.1;
					};
				};
			};
			buildConfigurationList = 78C6083E23FC454000969A1C /* Build configuration list for PBXProject "pokemon-trainers" */;
			compatibilityVersion = "Xcode 9.3";
			developmentRegion = en;
			hasScannedForEncodings = 0;
			knownRegions = (
				en,
				Base,
			);
			mainGroup = 78C6083A23FC454000969A1C;
			productRefGroup = 78C6084423FC454000969A1C /* Products */;
			projectDirPath = "";
			projectRoot = "";
			targets = (
				78C6084223FC454000969A1C /* pokemon-trainers */,
			);
		};
/* End PBXProject section */

/* Begin PBXResourcesBuildPhase section */
		78C6084123FC454000969A1C /* Resources */ = {
			isa = PBXResourcesBuildPhase;
			buildActionMask = 2147483647;
			files = (
				78C6085023FC454200969A1C /* Assets.xcassets in Resources */,
				78A4B1C623FC576100A45753 /* GoogleService-Info.plist in Resources */,
				78C6085B23FC456E00969A1C /* LaunchScreen.storyboard in Resources */,
				78C6086223FC479100969A1C /* ListViewController.xib in Resources */,
			);
			runOnlyForDeploymentPostprocessing = 0;
		};
/* End PBXResourcesBuildPhase section */

/* Begin PBXShellScriptBuildPhase section */
		6650A7D3990B4C487F287DCD /* [CP] Embed Pods Frameworks */ = {
			isa = PBXShellScriptBuildPhase;
			buildActionMask = 2147483647;
			files = (
			);
			inputFileListPaths = (
				"${PODS_ROOT}/Target Support Files/Pods-pokemon-trainers/Pods-pokemon-trainers-frameworks-${CONFIGURATION}-input-files.xcfilelist",
			);
			name = "[CP] Embed Pods Frameworks";
			outputFileListPaths = (
				"${PODS_ROOT}/Target Support Files/Pods-pokemon-trainers/Pods-pokemon-trainers-frameworks-${CONFIGURATION}-output-files.xcfilelist",
			);
			runOnlyForDeploymentPostprocessing = 0;
			shellPath = /bin/sh;
			shellScript = "\"${PODS_ROOT}/Target Support Files/Pods-pokemon-trainers/Pods-pokemon-trainers-frameworks.sh\"\n";
			showEnvVarsInLog = 0;
		};
		E2B9274BF0F6D4167B1BEAE1 /* [CP] Check Pods Manifest.lock */ = {
			isa = PBXShellScriptBuildPhase;
			buildActionMask = 2147483647;
			files = (
			);
			inputFileListPaths = (
			);
			inputPaths = (
				"${PODS_PODFILE_DIR_PATH}/Podfile.lock",
				"${PODS_ROOT}/Manifest.lock",
			);
			name = "[CP] Check Pods Manifest.lock";
			outputFileListPaths = (
			);
			outputPaths = (
				"$(DERIVED_FILE_DIR)/Pods-pokemon-trainers-checkManifestLockResult.txt",
			);
			runOnlyForDeploymentPostprocessing = 0;
			shellPath = /bin/sh;
			shellScript = "diff \"${PODS_PODFILE_DIR_PATH}/Podfile.lock\" \"${PODS_ROOT}/Manifest.lock\" > /dev/null\nif [ $? != 0 ] ; then\n    # print error to STDERR\n    echo \"error: The sandbox is not in sync with the Podfile.lock. Run 'pod install' or update your CocoaPods installation.\" >&2\n    exit 1\nfi\n# This output is used by Xcode 'outputs' to avoid re-running this script phase.\necho \"SUCCESS\" > \"${SCRIPT_OUTPUT_FILE_0}\"\n";
			showEnvVarsInLog = 0;
		};
/* End PBXShellScriptBuildPhase section */

/* Begin PBXSourcesBuildPhase section */
		78C6083F23FC454000969A1C /* Sources */ = {
			isa = PBXSourcesBuildPhase;
			buildActionMask = 2147483647;
			files = (
				78D72E6523FD6A29006ED5FC /* ObjectToDictionary.swift in Sources */,
				787F103523FC66B8006F971C /* ListViewModel.swift in Sources */,
				787F103123FC656D006F971C /* Trainer.swift in Sources */,
				78C6086123FC479100969A1C /* ListViewController.swift in Sources */,
				7842102123FC698B00F75B63 /* FirebaseService.swift in Sources */,
				78C6084723FC454000969A1C /* AppDelegate.swift in Sources */,
				787F103323FC65A0006F971C /* PokemonTypes.swift in Sources */,
			);
			runOnlyForDeploymentPostprocessing = 0;
		};
/* End PBXSourcesBuildPhase section */

/* Begin XCBuildConfiguration section */
		78C6085523FC454200969A1C /* Debug */ = {
			isa = XCBuildConfiguration;
			buildSettings = {
				ALWAYS_SEARCH_USER_PATHS = NO;
				CLANG_ANALYZER_NONNULL = YES;
				CLANG_ANALYZER_NUMBER_OBJECT_CONVERSION = YES_AGGRESSIVE;
				CLANG_CXX_LANGUAGE_STANDARD = "gnu++14";
				CLANG_CXX_LIBRARY = "libc++";
				CLANG_ENABLE_MODULES = YES;
				CLANG_ENABLE_OBJC_ARC = YES;
				CLANG_ENABLE_OBJC_WEAK = YES;
				CLANG_WARN_BLOCK_CAPTURE_AUTORELEASING = YES;
				CLANG_WARN_BOOL_CONVERSION = YES;
				CLANG_WARN_COMMA = YES;
				CLANG_WARN_CONSTANT_CONVERSION = YES;
				CLANG_WARN_DEPRECATED_OBJC_IMPLEMENTATIONS = YES;
				CLANG_WARN_DIRECT_OBJC_ISA_USAGE = YES_ERROR;
				CLANG_WARN_DOCUMENTATION_COMMENTS = YES;
				CLANG_WARN_EMPTY_BODY = YES;
				CLANG_WARN_ENUM_CONVERSION = YES;
				CLANG_WARN_INFINITE_RECURSION = YES;
				CLANG_WARN_INT_CONVERSION = YES;
				CLANG_WARN_NON_LITERAL_NULL_CONVERSION = YES;
				CLANG_WARN_OBJC_IMPLICIT_RETAIN_SELF = YES;
				CLANG_WARN_OBJC_LITERAL_CONVERSION = YES;
				CLANG_WARN_OBJC_ROOT_CLASS = YES_ERROR;
				CLANG_WARN_RANGE_LOOP_ANALYSIS = YES;
				CLANG_WARN_STRICT_PROTOTYPES = YES;
				CLANG_WARN_SUSPICIOUS_MOVE = YES;
				CLANG_WARN_UNGUARDED_AVAILABILITY = YES_AGGRESSIVE;
				CLANG_WARN_UNREACHABLE_CODE = YES;
				CLANG_WARN__DUPLICATE_METHOD_MATCH = YES;
				COPY_PHASE_STRIP = NO;
				DEBUG_INFORMATION_FORMAT = dwarf;
				ENABLE_STRICT_OBJC_MSGSEND = YES;
				ENABLE_TESTABILITY = YES;
				GCC_C_LANGUAGE_STANDARD = gnu11;
				GCC_DYNAMIC_NO_PIC = NO;
				GCC_NO_COMMON_BLOCKS = YES;
				GCC_OPTIMIZATION_LEVEL = 0;
				GCC_PREPROCESSOR_DEFINITIONS = (
					"DEBUG=1",
					"$(inherited)",
				);
				GCC_WARN_64_TO_32_BIT_CONVERSION = YES;
				GCC_WARN_ABOUT_RETURN_TYPE = YES_ERROR;
				GCC_WARN_UNDECLARED_SELECTOR = YES;
				GCC_WARN_UNINITIALIZED_AUTOS = YES_AGGRESSIVE;
				GCC_WARN_UNUSED_FUNCTION = YES;
				GCC_WARN_UNUSED_VARIABLE = YES;
				IPHONEOS_DEPLOYMENT_TARGET = 13.2;
				MTL_ENABLE_DEBUG_INFO = INCLUDE_SOURCE;
				MTL_FAST_MATH = YES;
				ONLY_ACTIVE_ARCH = YES;
				SDKROOT = iphoneos;
				SWIFT_ACTIVE_COMPILATION_CONDITIONS = DEBUG;
				SWIFT_OPTIMIZATION_LEVEL = "-Onone";
			};
			name = Debug;
		};
		78C6085623FC454200969A1C /* Release */ = {
			isa = XCBuildConfiguration;
			buildSettings = {
				ALWAYS_SEARCH_USER_PATHS = NO;
				CLANG_ANALYZER_NONNULL = YES;
				CLANG_ANALYZER_NUMBER_OBJECT_CONVERSION = YES_AGGRESSIVE;
				CLANG_CXX_LANGUAGE_STANDARD = "gnu++14";
				CLANG_CXX_LIBRARY = "libc++";
				CLANG_ENABLE_MODULES = YES;
				CLANG_ENABLE_OBJC_ARC = YES;
				CLANG_ENABLE_OBJC_WEAK = YES;
				CLANG_WARN_BLOCK_CAPTURE_AUTORELEASING = YES;
				CLANG_WARN_BOOL_CONVERSION = YES;
				CLANG_WARN_COMMA = YES;
				CLANG_WARN_CONSTANT_CONVERSION = YES;
				CLANG_WARN_DEPRECATED_OBJC_IMPLEMENTATIONS = YES;
				CLANG_WARN_DIRECT_OBJC_ISA_USAGE = YES_ERROR;
				CLANG_WARN_DOCUMENTATION_COMMENTS = YES;
				CLANG_WARN_EMPTY_BODY = YES;
				CLANG_WARN_ENUM_CONVERSION = YES;
				CLANG_WARN_INFINITE_RECURSION = YES;
				CLANG_WARN_INT_CONVERSION = YES;
				CLANG_WARN_NON_LITERAL_NULL_CONVERSION = YES;
				CLANG_WARN_OBJC_IMPLICIT_RETAIN_SELF = YES;
				CLANG_WARN_OBJC_LITERAL_CONVERSION = YES;
				CLANG_WARN_OBJC_ROOT_CLASS = YES_ERROR;
				CLANG_WARN_RANGE_LOOP_ANALYSIS = YES;
				CLANG_WARN_STRICT_PROTOTYPES = YES;
				CLANG_WARN_SUSPICIOUS_MOVE = YES;
				CLANG_WARN_UNGUARDED_AVAILABILITY = YES_AGGRESSIVE;
				CLANG_WARN_UNREACHABLE_CODE = YES;
				CLANG_WARN__DUPLICATE_METHOD_MATCH = YES;
				COPY_PHASE_STRIP = NO;
				DEBUG_INFORMATION_FORMAT = "dwarf-with-dsym";
				ENABLE_NS_ASSERTIONS = NO;
				ENABLE_STRICT_OBJC_MSGSEND = YES;
				GCC_C_LANGUAGE_STANDARD = gnu11;
				GCC_NO_COMMON_BLOCKS = YES;
				GCC_WARN_64_TO_32_BIT_CONVERSION = YES;
				GCC_WARN_ABOUT_RETURN_TYPE = YES_ERROR;
				GCC_WARN_UNDECLARED_SELECTOR = YES;
				GCC_WARN_UNINITIALIZED_AUTOS = YES_AGGRESSIVE;
				GCC_WARN_UNUSED_FUNCTION = YES;
				GCC_WARN_UNUSED_VARIABLE = YES;
				IPHONEOS_DEPLOYMENT_TARGET = 13.2;
				MTL_ENABLE_DEBUG_INFO = NO;
				MTL_FAST_MATH = YES;
				SDKROOT = iphoneos;
				SWIFT_COMPILATION_MODE = wholemodule;
				SWIFT_OPTIMIZATION_LEVEL = "-O";
				VALIDATE_PRODUCT = YES;
			};
			name = Release;
		};
		78C6085823FC454200969A1C /* Debug */ = {
			isa = XCBuildConfiguration;
			baseConfigurationReference = EAB27A7E27F12D4372FFFED3 /* Pods-pokemon-trainers.debug.xcconfig */;
			buildSettings = {
				ASSETCATALOG_COMPILER_APPICON_NAME = AppIcon;
				CODE_SIGN_STYLE = Automatic;
				DEVELOPMENT_TEAM = 5FW3LWY33Q;
				INFOPLIST_FILE = "pokemon-trainers/Info.plist";
				LD_RUNPATH_SEARCH_PATHS = (
					"$(inherited)",
					"@executable_path/Frameworks",
				);
				PRODUCT_BUNDLE_IDENTIFIER = "br.com.tinoco.pokemon-trainers";
				PRODUCT_NAME = "$(TARGET_NAME)";
				SWIFT_VERSION = 5.0;
				TARGETED_DEVICE_FAMILY = "1,2";
			};
			name = Debug;
		};
		78C6085923FC454200969A1C /* Release */ = {
			isa = XCBuildConfiguration;
			baseConfigurationReference = 928CFEA07ED22FEA11E09F85 /* Pods-pokemon-trainers.release.xcconfig */;
			buildSettings = {
				ASSETCATALOG_COMPILER_APPICON_NAME = AppIcon;
				CODE_SIGN_STYLE = Automatic;
				DEVELOPMENT_TEAM = 5FW3LWY33Q;
				INFOPLIST_FILE = "pokemon-trainers/Info.plist";
				LD_RUNPATH_SEARCH_PATHS = (
					"$(inherited)",
					"@executable_path/Frameworks",
				);
				PRODUCT_BUNDLE_IDENTIFIER = "br.com.tinoco.pokemon-trainers";
				PRODUCT_NAME = "$(TARGET_NAME)";
				SWIFT_VERSION = 5.0;
				TARGETED_DEVICE_FAMILY = "1,2";
			};
			name = Release;
		};
/* End XCBuildConfiguration section */

/* Begin XCConfigurationList section */
		78C6083E23FC454000969A1C /* Build configuration list for PBXProject "pokemon-trainers" */ = {
			isa = XCConfigurationList;
			buildConfigurations = (
				78C6085523FC454200969A1C /* Debug */,
				78C6085623FC454200969A1C /* Release */,
			);
			defaultConfigurationIsVisible = 0;
			defaultConfigurationName = Release;
		};
		78C6085723FC454200969A1C /* Build configuration list for PBXNativeTarget "pokemon-trainers" */ = {
			isa = XCConfigurationList;
			buildConfigurations = (
				78C6085823FC454200969A1C /* Debug */,
				78C6085923FC454200969A1C /* Release */,
			);
			defaultConfigurationIsVisible = 0;
			defaultConfigurationName = Release;
		};
/* End XCConfigurationList section */
	};
	rootObject = 78C6083B23FC454000969A1C /* Project object */;
}
